
Microsoft Visual Studio Solution File, Format Version 12.00
# Visual Studio Version 17
VisualStudioVersion = 17.13.35919.96
MinimumVisualStudioVersion = 10.0.40219.1
Project("{FAE04EC0-301F-11D3-BF4B-00C04F79EFBC}") = "Acadion-Sistema de gestion universitario", "Clases-Acadion\Acadion-Sistema de gestion universitario.csproj", "{F4B24E05-9BB8-4B96-AC16-508498EFE124}"
EndProject
Global
	GlobalSection(SolutionConfigurationPlatforms) = preSolution
		Debug|Any CPU = Debug|Any CPU
		Release|Any CPU = Release|Any CPU
	EndGlobalSection
	GlobalSection(ProjectConfigurationPlatforms) = postSolution
		{F4B24E05-9BB8-4B96-AC16-508498EFE124}.Debug|Any CPU.ActiveCfg = Debug|Any CPU
		{F4B24E05-9BB8-4B96-AC16-508498EFE124}.Debug|Any CPU.Build.0 = Debug|Any CPU
		{F4B24E05-9BB8-4B96-AC16-508498EFE124}.Release|Any CPU.ActiveCfg = Release|Any CPU
		{F4B24E05-9BB8-4B96-AC16-508498EFE124}.Release|Any CPU.Build.0 = Release|Any CPU
	EndGlobalSection
	GlobalSection(SolutionProperties) = preSolution
		HideSolutionNode = FALSE
	EndGlobalSection
	GlobalSection(ExtensibilityGlobals) = postSolution
		SolutionGuid = {1BECCFB5-A97F-4FA6-B26A-8C3593283D68}
	EndGlobalSection
EndGlobal
